// !$*UTF8*$!
{
	archiveVersion = 1;
	classes = {
	};
	objectVersion = 63;
	objects = {

/* Begin PBXBuildFile section */
		AB0000000000000000000043 /* AndroidBuildClientApp.swift in Sources */ = {isa = PBXBuildFile; fileRef = AB0000000000000000000002 /* AndroidBuildClientApp.swift */; };
		AB0000000000000000000044 /* AppModel.swift in Sources */ = {isa = PBXBuildFile; fileRef = AB0000000000000000000003 /* AppModel.swift */; };
		AB0000000000000000000045 /* RootView.swift in Sources */ = {isa = PBXBuildFile; fileRef = AB0000000000000000000004 /* RootView.swift */; };
		AB0000000000000000000046 /* AuthService.swift in Sources */ = {isa = PBXBuildFile; fileRef = AB0000000000000000000007 /* AuthService.swift */; };
		AB0000000000000000000047 /* KeychainService.swift in Sources */ = {isa = PBXBuildFile; fileRef = AB0000000000000000000008 /* KeychainService.swift */; };
		AB0000000000000000000048 /* TokenStore.swift in Sources */ = {isa = PBXBuildFile; fileRef = AB0000000000000000000009 /* TokenStore.swift */; };
		AB0000000000000000000049 /* CodeupService.swift in Sources */ = {isa = PBXBuildFile; fileRef = AB000000000000000000000B /* CodeupService.swift */; };
		AB000000000000000000004A /* CodeupServiceError.swift in Sources */ = {isa = PBXBuildFile; fileRef = AB000000000000000000000C /* CodeupServiceError.swift */; };
		AB000000000000000000004B /* RepositoryMatcher.swift in Sources */ = {isa = PBXBuildFile; fileRef = AB000000000000000000000D /* RepositoryMatcher.swift */; };
		AB000000000000000000004C /* AppConfiguration.swift in Sources */ = {isa = PBXBuildFile; fileRef = AB000000000000000000000F /* AppConfiguration.swift */; };
		AB000000000000000000004D /* BuildConfig.swift in Sources */ = {isa = PBXBuildFile; fileRef = AB0000000000000000000010 /* BuildConfig.swift */; };
		AB000000000000000000004E /* BuildService.swift in Sources */ = {isa = PBXBuildFile; fileRef = AB0000000000000000000012 /* BuildService.swift */; };
		AB000000000000000000004F /* FlowService.swift in Sources */ = {isa = PBXBuildFile; fileRef = AB0000000000000000000013 /* FlowService.swift */; };
		AB0000000000000000000050 /* FlowServiceError.swift in Sources */ = {isa = PBXBuildFile; fileRef = AB0000000000000000000014 /* FlowServiceError.swift */; };
		AB0000000000000000000051 /* PipelineRunStatus.swift in Sources */ = {isa = PBXBuildFile; fileRef = AB0000000000000000000015 /* PipelineRunStatus.swift */; };
		AB0000000000000000000052 /* StepLog.swift in Sources */ = {isa = PBXBuildFile; fileRef = AB0000000000000000000016 /* StepLog.swift */; };
		AB0000000000000000000053 /* APIClient.swift in Sources */ = {isa = PBXBuildFile; fileRef = AB0000000000000000000018 /* APIClient.swift */; };
		AB0000000000000000000054 /* APIError.swift in Sources */ = {isa = PBXBuildFile; fileRef = AB0000000000000000000019 /* APIError.swift */; };
		AB0000000000000000000055 /* YunxiaoEndpoint.swift in Sources */ = {isa = PBXBuildFile; fileRef = AB000000000000000000001A /* YunxiaoEndpoint.swift */; };
		AB0000000000000000000056 /* URLLauncher.swift in Sources */ = {isa = PBXBuildFile; fileRef = AB000000000000000000001C /* URLLauncher.swift */; };
		AB0000000000000000000057 /* BuildLogParser.swift in Sources */ = {isa = PBXBuildFile; fileRef = AB000000000000000000001F /* BuildLogParser.swift */; };
		AB0000000000000000000058 /* BuildResultView.swift in Sources */ = {isa = PBXBuildFile; fileRef = AB0000000000000000000020 /* BuildResultView.swift */; };
		AB0000000000000000000059 /* BuildResultViewModel.swift in Sources */ = {isa = PBXBuildFile; fileRef = AB0000000000000000000021 /* BuildResultViewModel.swift */; };
		AB000000000000000000005A /* BuildView.swift in Sources */ = {isa = PBXBuildFile; fileRef = AB0000000000000000000022 /* BuildView.swift */; };
		AB000000000000000000005B /* BuildViewModel.swift in Sources */ = {isa = PBXBuildFile; fileRef = AB0000000000000000000023 /* BuildViewModel.swift */; };
		AB000000000000000000005C /* HistoryView.swift in Sources */ = {isa = PBXBuildFile; fileRef = AB0000000000000000000024 /* HistoryView.swift */; };
		AB000000000000000000005D /* HistoryViewModel.swift in Sources */ = {isa = PBXBuildFile; fileRef = AB0000000000000000000025 /* HistoryViewModel.swift */; };
		AB000000000000000000005E /* TokenSetupView.swift in Sources */ = {isa = PBXBuildFile; fileRef = AB0000000000000000000027 /* TokenSetupView.swift */; };
		AB000000000000000000005F /* TokenSetupViewModel.swift in Sources */ = {isa = PBXBuildFile; fileRef = AB0000000000000000000028 /* TokenSetupViewModel.swift */; };
		AB0000000000000000000060 /* BuildArtifacts.swift in Sources */ = {isa = PBXBuildFile; fileRef = AB000000000000000000002A /* BuildArtifacts.swift */; };
		AB0000000000000000000061 /* BuildResult.swift in Sources */ = {isa = PBXBuildFile; fileRef = AB000000000000000000002B /* BuildResult.swift */; };
		AB0000000000000000000062 /* BuildRunIdentity.swift in Sources */ = {isa = PBXBuildFile; fileRef = AB000000000000000000002C /* BuildRunIdentity.swift */; };
		AB0000000000000000000063 /* BuildState.swift in Sources */ = {isa = PBXBuildFile; fileRef = AB000000000000000000002D /* BuildState.swift */; };
		AB0000000000000000000064 /* CodeupBranch.swift in Sources */ = {isa = PBXBuildFile; fileRef = AB000000000000000000002E /* CodeupBranch.swift */; };
		AB0000000000000000000065 /* CodeupRepository.swift in Sources */ = {isa = PBXBuildFile; fileRef = AB000000000000000000002F /* CodeupRepository.swift */; };
		AB0000000000000000000066 /* PipelineInfo.swift in Sources */ = {isa = PBXBuildFile; fileRef = AB0000000000000000000030 /* PipelineInfo.swift */; };
		AB0000000000000000000067 /* PipelineRun.swift in Sources */ = {isa = PBXBuildFile; fileRef = AB0000000000000000000031 /* PipelineRun.swift */; };
		AB0000000000000000000068 /* PipelineRunDetail.swift in Sources */ = {isa = PBXBuildFile; fileRef = AB0000000000000000000032 /* PipelineRunDetail.swift */; };
		AB0000000000000000000069 /* PipelineStep.swift in Sources */ = {isa = PBXBuildFile; fileRef = AB0000000000000000000033 /* PipelineStep.swift */; };
		AB000000000000000000006A /* YunxiaoUser.swift in Sources */ = {isa = PBXBuildFile; fileRef = AB0000000000000000000034 /* YunxiaoUser.swift */; };
		AB000000000000000000006B /* TestSupport.swift in Sources */ = {isa = PBXBuildFile; fileRef = AB0000000000000000000035 /* TestSupport.swift */; };
		AB000000000000000000006C /* KeychainServiceTests.swift in Sources */ = {isa = PBXBuildFile; fileRef = AB0000000000000000000036 /* KeychainServiceTests.swift */; };
		AB000000000000000000006D /* APIClientTests.swift in Sources */ = {isa = PBXBuildFile; fileRef = AB0000000000000000000037 /* APIClientTests.swift */; };
		AB000000000000000000006E /* AppConfigurationTests.swift in Sources */ = {isa = PBXBuildFile; fileRef = AB0000000000000000000038 /* AppConfigurationTests.swift */; };
		AB000000000000000000006F /* CodeupServiceTests.swift in Sources */ = {isa = PBXBuildFile; fileRef = AB0000000000000000000039 /* CodeupServiceTests.swift */; };
		AB0000000000000000000070 /* RepositoryMatcherTests.swift in Sources */ = {isa = PBXBuildFile; fileRef = AB000000000000000000003A /* RepositoryMatcherTests.swift */; };
		AB0000000000000000000071 /* FlowServiceTests.swift in Sources */ = {isa = PBXBuildFile; fileRef = AB000000000000000000003B /* FlowServiceTests.swift */; };
		AB0000000000000000000072 /* BuildServiceTests.swift in Sources */ = {isa = PBXBuildFile; fileRef = AB000000000000000000003C /* BuildServiceTests.swift */; };
		AB0000000000000000000073 /* BuildViewModelTests.swift in Sources */ = {isa = PBXBuildFile; fileRef = AB000000000000000000003D /* BuildViewModelTests.swift */; };
		AB0000000000000000000074 /* BuildResultViewModelTests.swift in Sources */ = {isa = PBXBuildFile; fileRef = AB000000000000000000003E /* BuildResultViewModelTests.swift */; };
		AB0000000000000000000075 /* BuildRunIdentityTests.swift in Sources */ = {isa = PBXBuildFile; fileRef = AB000000000000000000003F /* BuildRunIdentityTests.swift */; };
		AB0000000000000000000076 /* BuildLogParserTests.swift in Sources */ = {isa = PBXBuildFile; fileRef = AB0000000000000000000040 /* BuildLogParserTests.swift */; };
/* End PBXBuildFile section */

/* Begin PBXContainerItemProxy section */
		AB0000000000000000000086 /* PBXContainerItemProxy */ = {
			isa = PBXContainerItemProxy;
			containerPortal = AB000000000000000000008E /* Project object */;
			proxyType = 1;
			remoteGlobalIDString = AB0000000000000000000087;
			remoteInfo = AndroidBuildClient;
		};
/* End PBXContainerItemProxy section */

/* Begin PBXFileReference section */
		AB0000000000000000000002 /* AndroidBuildClientApp.swift */ = {isa = PBXFileReference; lastKnownFileType = sourcecode.swift; path = AndroidBuildClientApp.swift; sourceTree = "<group>"; };
		AB0000000000000000000003 /* AppModel.swift */ = {isa = PBXFileReference; lastKnownFileType = sourcecode.swift; path = AppModel.swift; sourceTree = "<group>"; };
		AB0000000000000000000004 /* RootView.swift */ = {isa = PBXFileReference; lastKnownFileType = sourcecode.swift; path = RootView.swift; sourceTree = "<group>"; };
		AB0000000000000000000007 /* AuthService.swift */ = {isa = PBXFileReference; lastKnownFileType = sourcecode.swift; path = AuthService.swift; sourceTree = "<group>"; };
		AB0000000000000000000008 /* KeychainService.swift */ = {isa = PBXFileReference; lastKnownFileType = sourcecode.swift; path = KeychainService.swift; sourceTree = "<group>"; };
		AB0000000000000000000009 /* TokenStore.swift */ = {isa = PBXFileReference; lastKnownFileType = sourcecode.swift; path = TokenStore.swift; sourceTree = "<group>"; };
		AB000000000000000000000B /* CodeupService.swift */ = {isa = PBXFileReference; lastKnownFileType = sourcecode.swift; path = CodeupService.swift; sourceTree = "<group>"; };
		AB000000000000000000000C /* CodeupServiceError.swift */ = {isa = PBXFileReference; lastKnownFileType = sourcecode.swift; path = CodeupServiceError.swift; sourceTree = "<group>"; };
		AB000000000000000000000D /* RepositoryMatcher.swift */ = {isa = PBXFileReference; lastKnownFileType = sourcecode.swift; path = RepositoryMatcher.swift; sourceTree = "<group>"; };
		AB000000000000000000000F /* AppConfiguration.swift */ = {isa = PBXFileReference; lastKnownFileType = sourcecode.swift; path = AppConfiguration.swift; sourceTree = "<group>"; };
		AB0000000000000000000010 /* BuildConfig.swift */ = {isa = PBXFileReference; lastKnownFileType = sourcecode.swift; path = BuildConfig.swift; sourceTree = "<group>"; };
		AB0000000000000000000012 /* BuildService.swift */ = {isa = PBXFileReference; lastKnownFileType = sourcecode.swift; path = BuildService.swift; sourceTree = "<group>"; };
		AB0000000000000000000013 /* FlowService.swift */ = {isa = PBXFileReference; lastKnownFileType = sourcecode.swift; path = FlowService.swift; sourceTree = "<group>"; };
		AB0000000000000000000014 /* FlowServiceError.swift */ = {isa = PBXFileReference; lastKnownFileType = sourcecode.swift; path = FlowServiceError.swift; sourceTree = "<group>"; };
		AB0000000000000000000015 /* PipelineRunStatus.swift */ = {isa = PBXFileReference; lastKnownFileType = sourcecode.swift; path = PipelineRunStatus.swift; sourceTree = "<group>"; };
		AB0000000000000000000016 /* StepLog.swift */ = {isa = PBXFileReference; lastKnownFileType = sourcecode.swift; path = StepLog.swift; sourceTree = "<group>"; };
		AB0000000000000000000018 /* APIClient.swift */ = {isa = PBXFileReference; lastKnownFileType = sourcecode.swift; path = APIClient.swift; sourceTree = "<group>"; };
		AB0000000000000000000019 /* APIError.swift */ = {isa = PBXFileReference; lastKnownFileType = sourcecode.swift; path = APIError.swift; sourceTree = "<group>"; };
		AB000000000000000000001A /* YunxiaoEndpoint.swift */ = {isa = PBXFileReference; lastKnownFileType = sourcecode.swift; path = YunxiaoEndpoint.swift; sourceTree = "<group>"; };
		AB000000000000000000001C /* URLLauncher.swift */ = {isa = PBXFileReference; lastKnownFileType = sourcecode.swift; path = URLLauncher.swift; sourceTree = "<group>"; };
		AB000000000000000000001F /* BuildLogParser.swift */ = {isa = PBXFileReference; lastKnownFileType = sourcecode.swift; path = BuildLogParser.swift; sourceTree = "<group>"; };
		AB0000000000000000000020 /* BuildResultView.swift */ = {isa = PBXFileReference; lastKnownFileType = sourcecode.swift; path = BuildResultView.swift; sourceTree = "<group>"; };
		AB0000000000000000000021 /* BuildResultViewModel.swift */ = {isa = PBXFileReference; lastKnownFileType = sourcecode.swift; path = BuildResultViewModel.swift; sourceTree = "<group>"; };
		AB0000000000000000000022 /* BuildView.swift */ = {isa = PBXFileReference; lastKnownFileType = sourcecode.swift; path = BuildView.swift; sourceTree = "<group>"; };
		AB0000000000000000000023 /* BuildViewModel.swift */ = {isa = PBXFileReference; lastKnownFileType = sourcecode.swift; path = BuildViewModel.swift; sourceTree = "<group>"; };
		AB0000000000000000000024 /* HistoryView.swift */ = {isa = PBXFileReference; lastKnownFileType = sourcecode.swift; path = HistoryView.swift; sourceTree = "<group>"; };
		AB0000000000000000000025 /* HistoryViewModel.swift */ = {isa = PBXFileReference; lastKnownFileType = sourcecode.swift; path = HistoryViewModel.swift; sourceTree = "<group>"; };
		AB0000000000000000000027 /* TokenSetupView.swift */ = {isa = PBXFileReference; lastKnownFileType = sourcecode.swift; path = TokenSetupView.swift; sourceTree = "<group>"; };
		AB0000000000000000000028 /* TokenSetupViewModel.swift */ = {isa = PBXFileReference; lastKnownFileType = sourcecode.swift; path = TokenSetupViewModel.swift; sourceTree = "<group>"; };
		AB000000000000000000002A /* BuildArtifacts.swift */ = {isa = PBXFileReference; lastKnownFileType = sourcecode.swift; path = BuildArtifacts.swift; sourceTree = "<group>"; };
		AB000000000000000000002B /* BuildResult.swift */ = {isa = PBXFileReference; lastKnownFileType = sourcecode.swift; path = BuildResult.swift; sourceTree = "<group>"; };
		AB000000000000000000002C /* BuildRunIdentity.swift */ = {isa = PBXFileReference; lastKnownFileType = sourcecode.swift; path = BuildRunIdentity.swift; sourceTree = "<group>"; };
		AB000000000000000000002D /* BuildState.swift */ = {isa = PBXFileReference; lastKnownFileType = sourcecode.swift; path = BuildState.swift; sourceTree = "<group>"; };
		AB000000000000000000002E /* CodeupBranch.swift */ = {isa = PBXFileReference; lastKnownFileType = sourcecode.swift; path = CodeupBranch.swift; sourceTree = "<group>"; };
		AB000000000000000000002F /* CodeupRepository.swift */ = {isa = PBXFileReference; lastKnownFileType = sourcecode.swift; path = CodeupRepository.swift; sourceTree = "<group>"; };
		AB0000000000000000000030 /* PipelineInfo.swift */ = {isa = PBXFileReference; lastKnownFileType = sourcecode.swift; path = PipelineInfo.swift; sourceTree = "<group>"; };
		AB0000000000000000000031 /* PipelineRun.swift */ = {isa = PBXFileReference; lastKnownFileType = sourcecode.swift; path = PipelineRun.swift; sourceTree = "<group>"; };
		AB0000000000000000000032 /* PipelineRunDetail.swift */ = {isa = PBXFileReference; lastKnownFileType = sourcecode.swift; path = PipelineRunDetail.swift; sourceTree = "<group>"; };
		AB0000000000000000000033 /* PipelineStep.swift */ = {isa = PBXFileReference; lastKnownFileType = sourcecode.swift; path = PipelineStep.swift; sourceTree = "<group>"; };
		AB0000000000000000000034 /* YunxiaoUser.swift */ = {isa = PBXFileReference; lastKnownFileType = sourcecode.swift; path = YunxiaoUser.swift; sourceTree = "<group>"; };
		AB0000000000000000000035 /* TestSupport.swift */ = {isa = PBXFileReference; lastKnownFileType = sourcecode.swift; path = TestSupport.swift; sourceTree = "<group>"; };
		AB0000000000000000000036 /* KeychainServiceTests.swift */ = {isa = PBXFileReference; lastKnownFileType = sourcecode.swift; path = KeychainServiceTests.swift; sourceTree = "<group>"; };
		AB0000000000000000000037 /* APIClientTests.swift */ = {isa = PBXFileReference; lastKnownFileType = sourcecode.swift; path = APIClientTests.swift; sourceTree = "<group>"; };
		AB0000000000000000000038 /* AppConfigurationTests.swift */ = {isa = PBXFileReference; lastKnownFileType = sourcecode.swift; path = AppConfigurationTests.swift; sourceTree = "<group>"; };
		AB0000000000000000000039 /* CodeupServiceTests.swift */ = {isa = PBXFileReference; lastKnownFileType = sourcecode.swift; path = CodeupServiceTests.swift; sourceTree = "<group>"; };
		AB000000000000000000003A /* RepositoryMatcherTests.swift */ = {isa = PBXFileReference; lastKnownFileType = sourcecode.swift; path = RepositoryMatcherTests.swift; sourceTree = "<group>"; };
		AB000000000000000000003B /* FlowServiceTests.swift */ = {isa = PBXFileReference; lastKnownFileType = sourcecode.swift; path = FlowServiceTests.swift; sourceTree = "<group>"; };
		AB000000000000000000003C /* BuildServiceTests.swift */ = {isa = PBXFileReference; lastKnownFileType = sourcecode.swift; path = BuildServiceTests.swift; sourceTree = "<group>"; };
		AB000000000000000000003D /* BuildViewModelTests.swift */ = {isa = PBXFileReference; lastKnownFileType = sourcecode.swift; path = BuildViewModelTests.swift; sourceTree = "<group>"; };
		AB000000000000000000003E /* BuildResultViewModelTests.swift */ = {isa = PBXFileReference; lastKnownFileType = sourcecode.swift; path = BuildResultViewModelTests.swift; sourceTree = "<group>"; };
		AB000000000000000000003F /* BuildRunIdentityTests.swift */ = {isa = PBXFileReference; lastKnownFileType = sourcecode.swift; path = BuildRunIdentityTests.swift; sourceTree = "<group>"; };
		AB0000000000000000000040 /* BuildLogParserTests.swift */ = {isa = PBXFileReference; lastKnownFileType = sourcecode.swift; path = BuildLogParserTests.swift; sourceTree = "<group>"; };
		AB0000000000000000000041 /* AndroidBuildClient.app */ = {isa = PBXFileReference; explicitFileType = wrapper.application; includeInIndex = 0; path = AndroidBuildClient.app; sourceTree = BUILT_PRODUCTS_DIR; };
		AB0000000000000000000042 /* AndroidBuildClientTests.xctest */ = {isa = PBXFileReference; explicitFileType = wrapper.cfbundle; includeInIndex = 0; path = AndroidBuildClientTests.xctest; sourceTree = BUILT_PRODUCTS_DIR; };
/* End PBXFileReference section */

/* Begin PBXFrameworksBuildPhase section */
		AB0000000000000000000078 /* Frameworks */ = {
			isa = PBXFrameworksBuildPhase;
			buildActionMask = 2147483647;
			files = (
			);
			runOnlyForDeploymentPostprocessing = 0;
		};
		AB000000000000000000007B /* Frameworks */ = {
			isa = PBXFrameworksBuildPhase;
			buildActionMask = 2147483647;
			files = (
			);
			runOnlyForDeploymentPostprocessing = 0;
		};
/* End PBXFrameworksBuildPhase section */

/* Begin PBXGroup section */
		AB0000000000000000000001 /* App */ = {
			isa = PBXGroup;
			children = (
				AB0000000000000000000002 /* AndroidBuildClientApp.swift */,
				AB0000000000000000000003 /* AppModel.swift */,
				AB0000000000000000000004 /* RootView.swift */,
			);
			path = App;
			sourceTree = "<group>";
		};
		AB0000000000000000000005 /* Core */ = {
			isa = PBXGroup;
			children = (
				AB0000000000000000000006 /* Authentication */,
				AB000000000000000000000A /* Codeup */,
				AB000000000000000000000E /* Configuration */,
				AB0000000000000000000011 /* Flow */,
				AB0000000000000000000017 /* Network */,
				AB000000000000000000001B /* Platform */,
			);
			path = Core;
			sourceTree = "<group>";
		};
		AB0000000000000000000006 /* Authentication */ = {
			isa = PBXGroup;
			children = (
				AB0000000000000000000007 /* AuthService.swift */,
				AB0000000000000000000008 /* KeychainService.swift */,
				AB0000000000000000000009 /* TokenStore.swift */,
			);
			path = Authentication;
			sourceTree = "<group>";
		};
		AB000000000000000000000A /* Codeup */ = {
			isa = PBXGroup;
			children = (
				AB000000000000000000000B /* CodeupService.swift */,
				AB000000000000000000000C /* CodeupServiceError.swift */,
				AB000000000000000000000D /* RepositoryMatcher.swift */,
			);
			path = Codeup;
			sourceTree = "<group>";
		};
		AB000000000000000000000E /* Configuration */ = {
			isa = PBXGroup;
			children = (
				AB000000000000000000000F /* AppConfiguration.swift */,
				AB0000000000000000000010 /* BuildConfig.swift */,
			);
			path = Configuration;
			sourceTree = "<group>";
		};
		AB0000000000000000000011 /* Flow */ = {
			isa = PBXGroup;
			children = (
				AB0000000000000000000012 /* BuildService.swift */,
				AB0000000000000000000013 /* FlowService.swift */,
				AB0000000000000000000014 /* FlowServiceError.swift */,
				AB0000000000000000000015 /* PipelineRunStatus.swift */,
				AB0000000000000000000016 /* StepLog.swift */,
			);
			path = Flow;
			sourceTree = "<group>";
		};
		AB0000000000000000000017 /* Network */ = {
			isa = PBXGroup;
			children = (
				AB0000000000000000000018 /* APIClient.swift */,
				AB0000000000000000000019 /* APIError.swift */,
				AB000000000000000000001A /* YunxiaoEndpoint.swift */,
			);
			path = Network;
			sourceTree = "<group>";
		};
		AB000000000000000000001B /* Platform */ = {
			isa = PBXGroup;
			children = (
				AB000000000000000000001C /* URLLauncher.swift */,
			);
			path = Platform;
			sourceTree = "<group>";
		};
		AB000000000000000000001D /* Features */ = {
			isa = PBXGroup;
			children = (
				AB000000000000000000001E /* Build */,
				AB0000000000000000000026 /* Token */,
			);
			path = Features;
			sourceTree = "<group>";
		};
		AB000000000000000000001E /* Build */ = {
			isa = PBXGroup;
			children = (
				AB000000000000000000001F /* BuildLogParser.swift */,
				AB0000000000000000000020 /* BuildResultView.swift */,
				AB0000000000000000000021 /* BuildResultViewModel.swift */,
				AB0000000000000000000022 /* BuildView.swift */,
				AB0000000000000000000023 /* BuildViewModel.swift */,
				AB0000000000000000000024 /* HistoryView.swift */,
				AB0000000000000000000025 /* HistoryViewModel.swift */,
			);
			path = Build;
			sourceTree = "<group>";
		};
		AB0000000000000000000026 /* Token */ = {
			isa = PBXGroup;
			children = (
				AB0000000000000000000027 /* TokenSetupView.swift */,
				AB0000000000000000000028 /* TokenSetupViewModel.swift */,
			);
			path = Token;
			sourceTree = "<group>";
		};
		AB0000000000000000000029 /* Models */ = {
			isa = PBXGroup;
			children = (
				AB000000000000000000002A /* BuildArtifacts.swift */,
				AB000000000000000000002B /* BuildResult.swift */,
				AB000000000000000000002C /* BuildRunIdentity.swift */,
				AB000000000000000000002D /* BuildState.swift */,
				AB000000000000000000002E /* CodeupBranch.swift */,
				AB000000000000000000002F /* CodeupRepository.swift */,
				AB0000000000000000000030 /* PipelineInfo.swift */,
				AB0000000000000000000031 /* PipelineRun.swift */,
				AB0000000000000000000032 /* PipelineRunDetail.swift */,
				AB0000000000000000000033 /* PipelineStep.swift */,
				AB0000000000000000000034 /* YunxiaoUser.swift */,
			);
			path = Models;
			sourceTree = "<group>";
		};
		AB000000000000000000008A /* Products */ = {
			isa = PBXGroup;
			children = (
				AB0000000000000000000041 /* AndroidBuildClient.app */,
				AB0000000000000000000042 /* AndroidBuildClientTests.xctest */,
			);
			name = Products;
			sourceTree = "<group>";
		};
		AB000000000000000000008B /* AndroidBuildClient */ = {
			isa = PBXGroup;
			children = (
				AB0000000000000000000001 /* App */,
				AB0000000000000000000005 /* Core */,
				AB000000000000000000001D /* Features */,
				AB0000000000000000000029 /* Models */,
			);
			path = AndroidBuildClient;
			sourceTree = "<group>";
		};
		AB000000000000000000008C /* AndroidBuildClientTests */ = {
			isa = PBXGroup;
			children = (
				AB0000000000000000000035 /* TestSupport.swift */,
				AB0000000000000000000036 /* KeychainServiceTests.swift */,
				AB0000000000000000000037 /* APIClientTests.swift */,
				AB0000000000000000000038 /* AppConfigurationTests.swift */,
				AB0000000000000000000039 /* CodeupServiceTests.swift */,
				AB000000000000000000003A /* RepositoryMatcherTests.swift */,
				AB000000000000000000003B /* FlowServiceTests.swift */,
				AB000000000000000000003C /* BuildServiceTests.swift */,
				AB000000000000000000003D /* BuildViewModelTests.swift */,
				AB000000000000000000003E /* BuildResultViewModelTests.swift */,
				AB000000000000000000003F /* BuildRunIdentityTests.swift */,
				AB0000000000000000000040 /* BuildLogParserTests.swift */,
			);
			path = AndroidBuildClientTests;
			sourceTree = "<group>";
		};
		AB000000000000000000008D = {
			isa = PBXGroup;
			children = (
				AB000000000000000000008B /* AndroidBuildClient */,
				AB000000000000000000008C /* AndroidBuildClientTests */,
				AB000000000000000000008A /* Products */,
			);
			sourceTree = "<group>";
		};
/* End PBXGroup section */

/* Begin PBXNativeTarget section */
		AB0000000000000000000087 /* AndroidBuildClient */ = {
			isa = PBXNativeTarget;
			buildConfigurationList = AB0000000000000000000082 /* Build configuration list for PBXNativeTarget "AndroidBuildClient" */;
			buildPhases = (
				AB0000000000000000000077 /* Sources */,
				AB0000000000000000000078 /* Frameworks */,
				AB0000000000000000000079 /* Resources */,
			);
			buildRules = (
			);
			dependencies = (
			);
			name = AndroidBuildClient;
			productName = AndroidBuildClient;
			productReference = AB0000000000000000000041 /* AndroidBuildClient.app */;
			productType = "com.apple.product-type.application";
		};
		AB0000000000000000000089 /* AndroidBuildClientTests */ = {
			isa = PBXNativeTarget;
			buildConfigurationList = AB0000000000000000000085 /* Build configuration list for PBXNativeTarget "AndroidBuildClientTests" */;
			buildPhases = (
				AB000000000000000000007A /* Sources */,
				AB000000000000000000007B /* Frameworks */,
				AB000000000000000000007C /* Resources */,
			);
			buildRules = (
			);
			dependencies = (
				AB0000000000000000000088 /* PBXTargetDependency */,
			);
			name = AndroidBuildClientTests;
			productName = AndroidBuildClientTests;
			productReference = AB0000000000000000000042 /* AndroidBuildClientTests.xctest */;
			productType = "com.apple.product-type.bundle.unit-test";
		};
/* End PBXNativeTarget section */

/* Begin PBXProject section */
		AB000000000000000000008E /* Project object */ = {
			isa = PBXProject;
			attributes = {
				BuildIndependentTargetsInParallel = 1;
				LastSwiftUpdateCheck = 2700;
				LastUpgradeCheck = 2700;
				TargetAttributes = {
					AB0000000000000000000087 = {
						CreatedOnToolsVersion = 27.0;
					};
					AB0000000000000000000089 = {
						CreatedOnToolsVersion = 27.0;
						TestTargetID = AB0000000000000000000087;
					};
				};
			};
			buildConfigurationList = AB000000000000000000007F /* Build configuration list for PBXProject "AndroidBuildClient" */;
			compatibilityVersion = "Xcode 14.0";
			developmentRegion = en;
			hasScannedForEncodings = 0;
			knownRegions = (
				en,
				Base,
			);
			mainGroup = AB000000000000000000008D;
			minimizedProjectReferenceProxies = 1;
			productRefGroup = AB000000000000000000008A /* Products */;
			projectDirPath = "";
			projectRoot = "";
			targets = (
				AB0000000000000000000087 /* AndroidBuildClient */,
				AB0000000000000000000089 /* AndroidBuildClientTests */,
			);
		};
/* End PBXProject section */

/* Begin PBXResourcesBuildPhase section */
		AB0000000000000000000079 /* Resources */ = {
			isa = PBXResourcesBuildPhase;
			buildActionMask = 2147483647;
			files = (
			);
			runOnlyForDeploymentPostprocessing = 0;
		};
		AB000000000000000000007C /* Resources */ = {
			isa = PBXResourcesBuildPhase;
			buildActionMask = 2147483647;
			files = (
			);
			runOnlyForDeploymentPostprocessing = 0;
		};
/* End PBXResourcesBuildPhase section */

/* Begin PBXSourcesBuildPhase section */
		AB0000000000000000000077 /* Sources */ = {
			isa = PBXSourcesBuildPhase;
			buildActionMask = 2147483647;
			files = (
				AB0000000000000000000043 /* AndroidBuildClientApp.swift in Sources */,
				AB0000000000000000000044 /* AppModel.swift in Sources */,
				AB0000000000000000000045 /* RootView.swift in Sources */,
				AB0000000000000000000046 /* AuthService.swift in Sources */,
				AB0000000000000000000047 /* KeychainService.swift in Sources */,
				AB0000000000000000000048 /* TokenStore.swift in Sources */,
				AB0000000000000000000049 /* CodeupService.swift in Sources */,
				AB000000000000000000004A /* CodeupServiceError.swift in Sources */,
				AB000000000000000000004B /* RepositoryMatcher.swift in Sources */,
				AB000000000000000000004C /* AppConfiguration.swift in Sources */,
				AB000000000000000000004D /* BuildConfig.swift in Sources */,
				AB000000000000000000004E /* BuildService.swift in Sources */,
				AB000000000000000000004F /* FlowService.swift in Sources */,
				AB0000000000000000000050 /* FlowServiceError.swift in Sources */,
				AB0000000000000000000051 /* PipelineRunStatus.swift in Sources */,
				AB0000000000000000000052 /* StepLog.swift in Sources */,
				AB0000000000000000000053 /* APIClient.swift in Sources */,
				AB0000000000000000000054 /* APIError.swift in Sources */,
				AB0000000000000000000055 /* YunxiaoEndpoint.swift in Sources */,
				AB0000000000000000000056 /* URLLauncher.swift in Sources */,
				AB0000000000000000000057 /* BuildLogParser.swift in Sources */,
				AB0000000000000000000058 /* BuildResultView.swift in Sources */,
				AB0000000000000000000059 /* BuildResultViewModel.swift in Sources */,
				AB000000000000000000005A /* BuildView.swift in Sources */,
				AB000000000000000000005B /* BuildViewModel.swift in Sources */,
				AB000000000000000000005C /* HistoryView.swift in Sources */,
				AB000000000000000000005D /* HistoryViewModel.swift in Sources */,
				AB000000000000000000005E /* TokenSetupView.swift in Sources */,
				AB000000000000000000005F /* TokenSetupViewModel.swift in Sources */,
				AB0000000000000000000060 /* BuildArtifacts.swift in Sources */,
				AB0000000000000000000061 /* BuildResult.swift in Sources */,
				AB0000000000000000000062 /* BuildRunIdentity.swift in Sources */,
				AB0000000000000000000063 /* BuildState.swift in Sources */,
				AB0000000000000000000064 /* CodeupBranch.swift in Sources */,
				AB0000000000000000000065 /* CodeupRepository.swift in Sources */,
				AB0000000000000000000066 /* PipelineInfo.swift in Sources */,
				AB0000000000000000000067 /* PipelineRun.swift in Sources */,
				AB0000000000000000000068 /* PipelineRunDetail.swift in Sources */,
				AB0000000000000000000069 /* PipelineStep.swift in Sources */,
				AB000000000000000000006A /* YunxiaoUser.swift in Sources */,
			);
			runOnlyForDeploymentPostprocessing = 0;
		};
		AB000000000000000000007A /* Sources */ = {
			isa = PBXSourcesBuildPhase;
			buildActionMask = 2147483647;
			files = (
				AB000000000000000000006B /* TestSupport.swift in Sources */,
				AB000000000000000000006C /* KeychainServiceTests.swift in Sources */,
				AB000000000000000000006D /* APIClientTests.swift in Sources */,
				AB000000000000000000006E /* AppConfigurationTests.swift in Sources */,
				AB000000000000000000006F /* CodeupServiceTests.swift in Sources */,
				AB0000000000000000000070 /* RepositoryMatcherTests.swift in Sources */,
				AB0000000000000000000071 /* FlowServiceTests.swift in Sources */,
				AB0000000000000000000072 /* BuildServiceTests.swift in Sources */,
				AB0000000000000000000073 /* BuildViewModelTests.swift in Sources */,
				AB0000000000000000000074 /* BuildResultViewModelTests.swift in Sources */,
				AB0000000000000000000075 /* BuildRunIdentityTests.swift in Sources */,
				AB0000000000000000000076 /* BuildLogParserTests.swift in Sources */,
			);
			runOnlyForDeploymentPostprocessing = 0;
		};
/* End PBXSourcesBuildPhase section */

/* Begin PBXTargetDependency section */
		AB0000000000000000000088 /* PBXTargetDependency */ = {
			isa = PBXTargetDependency;
			target = AB0000000000000000000087 /* AndroidBuildClient */;
			targetProxy = AB0000000000000000000086 /* PBXContainerItemProxy */;
		};
/* End PBXTargetDependency section */

/* Begin XCBuildConfiguration section */
		AB000000000000000000007D /* Debug */ = {
			isa = XCBuildConfiguration;
			buildSettings = {
				ALWAYS_SEARCH_USER_PATHS = NO;
				CLANG_ANALYZER_NONNULL = YES;
				CLANG_ENABLE_MODULES = YES;
				CLANG_ENABLE_OBJC_ARC = YES;
				CLANG_WARN_BLOCK_CAPTURE_AUTORELEASING = YES;
				CLANG_WARN_BOOL_CONVERSION = YES;
				CLANG_WARN_COMMA = YES;
				CLANG_WARN_CONSTANT_CONVERSION = YES;
				CLANG_WARN_EMPTY_BODY = YES;
				CLANG_WARN_ENUM_CONVERSION = YES;
				CLANG_WARN_INFINITE_RECURSION = YES;
				CLANG_WARN_INT_CONVERSION = YES;
				CLANG_WARN_SUSPICIOUS_MOVE = YES;
				CLANG_WARN_UNREACHABLE_CODE = YES;
				COPY_PHASE_STRIP = NO;
				DEAD_CODE_STRIPPING = YES;
				DEBUG_INFORMATION_FORMAT = dwarf;
				ENABLE_STRICT_OBJC_MSGSEND = YES;
				ENABLE_TESTABILITY = YES;
				ENABLE_USER_SCRIPT_SANDBOXING = YES;
				GCC_C_LANGUAGE_STANDARD = gnu17;
				GCC_DYNAMIC_NO_PIC = NO;
				GCC_NO_COMMON_BLOCKS = YES;
				GCC_OPTIMIZATION_LEVEL = 0;
				GCC_PREPROCESSOR_DEFINITIONS = (
					"DEBUG=1",
					"$(inherited)",
				);
				GCC_WARN_64_TO_32_BIT_CONVERSION = YES;
				GCC_WARN_ABOUT_RETURN_TYPE = YES;
				GCC_WARN_UNDECLARED_SELECTOR = YES;
				GCC_WARN_UNINITIALIZED_AUTOS = YES;
				GCC_WARN_UNUSED_FUNCTION = YES;
				GCC_WARN_UNUSED_VARIABLE = YES;
				LOCALIZATION_PREFERS_STRING_CATALOGS = YES;
				MACOSX_DEPLOYMENT_TARGET = 26.0;
				MTL_ENABLE_DEBUG_INFO = INCLUDE_SOURCE;
				ONLY_ACTIVE_ARCH = YES;
				SDKROOT = macosx;
				SWIFT_ACTIVE_COMPILATION_CONDITIONS = "DEBUG $(inherited)";
				SWIFT_APPROACHABLE_CONCURRENCY = YES;
				SWIFT_INSTALL_MODULE = YES;
				SWIFT_INSTALL_MODULE_FOR_DEPENDENCIES = YES;
				SWIFT_OPTIMIZATION_LEVEL = "-Onone";
				SWIFT_STRICT_CONCURRENCY = complete;
				SWIFT_UPCOMING_FEATURE_MEMBER_IMPORT_VISIBILITY = YES;
				SWIFT_VERSION = 6.0;
			};
			name = Debug;
		};
		AB000000000000000000007E /* Release */ = {
			isa = XCBuildConfiguration;
			buildSettings = {
				ALWAYS_SEARCH_USER_PATHS = NO;
				CLANG_ANALYZER_NONNULL = YES;
				CLANG_ENABLE_MODULES = YES;
				CLANG_ENABLE_OBJC_ARC = YES;
				CLANG_WARN_BLOCK_CAPTURE_AUTORELEASING = YES;
				CLANG_WARN_BOOL_CONVERSION = YES;
				CLANG_WARN_COMMA = YES;
				CLANG_WARN_CONSTANT_CONVERSION = YES;
				CLANG_WARN_EMPTY_BODY = YES;
				CLANG_WARN_ENUM_CONVERSION = YES;
				CLANG_WARN_INFINITE_RECURSION = YES;
				CLANG_WARN_INT_CONVERSION = YES;
				CLANG_WARN_SUSPICIOUS_MOVE = YES;
				CLANG_WARN_UNREACHABLE_CODE = YES;
				COPY_PHASE_STRIP = NO;
				DEAD_CODE_STRIPPING = YES;
				DEBUG_INFORMATION_FORMAT = "dwarf-with-dsym";
				ENABLE_NS_ASSERTIONS = NO;
				ENABLE_STRICT_OBJC_MSGSEND = YES;
				ENABLE_USER_SCRIPT_SANDBOXING = YES;
				GCC_C_LANGUAGE_STANDARD = gnu17;
				GCC_NO_COMMON_BLOCKS = YES;
				GCC_WARN_64_TO_32_BIT_CONVERSION = YES;
				GCC_WARN_ABOUT_RETURN_TYPE = YES;
				GCC_WARN_UNDECLARED_SELECTOR = YES;
				GCC_WARN_UNINITIALIZED_AUTOS = YES;
				GCC_WARN_UNUSED_FUNCTION = YES;
				GCC_WARN_UNUSED_VARIABLE = YES;
				LOCALIZATION_PREFERS_STRING_CATALOGS = YES;
				MACOSX_DEPLOYMENT_TARGET = 26.0;
				MTL_ENABLE_DEBUG_INFO = NO;
				SDKROOT = macosx;
				SWIFT_APPROACHABLE_CONCURRENCY = YES;
				SWIFT_COMPILATION_MODE = wholemodule;
				SWIFT_INSTALL_MODULE = YES;
				SWIFT_INSTALL_MODULE_FOR_DEPENDENCIES = YES;
				SWIFT_STRICT_CONCURRENCY = complete;
				SWIFT_UPCOMING_FEATURE_MEMBER_IMPORT_VISIBILITY = YES;
				SWIFT_VERSION = 6.0;
			};
			name = Release;
		};
		AB0000000000000000000080 /* Debug */ = {
			isa = XCBuildConfiguration;
			buildSettings = {
				CODE_SIGN_IDENTITY = "-";
				"CODE_SIGN_IDENTITY[sdk=macosx*]" = "-";
				CODE_SIGN_STYLE = Automatic;
				COMBINE_HIDPI_IMAGES = YES;
				CURRENT_PROJECT_VERSION = 1;
				DEVELOPMENT_TEAM = KGL4F76X9E;
				ENABLE_APP_SANDBOX = NO;
				ENABLE_HARDENED_RUNTIME = NO;
				GENERATE_INFOPLIST_FILE = YES;
				INFOPLIST_KEY_NSHumanReadableCopyright = "";
				INFOPLIST_KEY_NSPrincipalClass = NSApplication;
				LD_RUNPATH_SEARCH_PATHS = (
					"$(inherited)",
					"@executable_path/../Frameworks",
				);
				MARKETING_VERSION = 1.0;
				PRODUCT_BUNDLE_IDENTIFIER = com.wangsu.AndroidBuildClient;
				PRODUCT_NAME = "$(TARGET_NAME)";
				SWIFT_EMIT_LOC_STRINGS = YES;
			};
			name = Debug;
		};
		AB0000000000000000000081 /* Release */ = {
			isa = XCBuildConfiguration;
			buildSettings = {
				CODE_SIGN_IDENTITY = "-";
				"CODE_SIGN_IDENTITY[sdk=macosx*]" = "-";
				CODE_SIGN_STYLE = Automatic;
				COMBINE_HIDPI_IMAGES = YES;
				CURRENT_PROJECT_VERSION = 1;
				DEVELOPMENT_TEAM = KGL4F76X9E;
				ENABLE_APP_SANDBOX = NO;
				ENABLE_HARDENED_RUNTIME = NO;
				GENERATE_INFOPLIST_FILE = YES;
				INFOPLIST_KEY_NSHumanReadableCopyright = "";
				INFOPLIST_KEY_NSPrincipalClass = NSApplication;
				LD_RUNPATH_SEARCH_PATHS = (
					"$(inherited)",
					"@executable_path/../Frameworks",
				);
				MARKETING_VERSION = 1.0;
				PRODUCT_BUNDLE_IDENTIFIER = com.wangsu.AndroidBuildClient;
				PRODUCT_NAME = "$(TARGET_NAME)";
				SWIFT_EMIT_LOC_STRINGS = YES;
			};
			name = Release;
		};
		AB0000000000000000000083 /* Debug */ = {
			isa = XCBuildConfiguration;
			buildSettings = {
				BUNDLE_LOADER = "$(TEST_HOST)";
				CODE_SIGN_IDENTITY = "-";
				CODE_SIGN_STYLE = Automatic;
				CURRENT_PROJECT_VERSION = 1;
				GENERATE_INFOPLIST_FILE = YES;
				MARKETING_VERSION = 1.0;
				PRODUCT_BUNDLE_IDENTIFIER = com.wangsu.AndroidBuildClientTests;
				PRODUCT_NAME = "$(TARGET_NAME)";
				SWIFT_EMIT_LOC_STRINGS = NO;
				TEST_HOST = "$(BUILT_PRODUCTS_DIR)/AndroidBuildClient.app/Contents/MacOS/AndroidBuildClient";
			};
			name = Debug;
		};
		AB0000000000000000000084 /* Release */ = {
			isa = XCBuildConfiguration;
			buildSettings = {
				BUNDLE_LOADER = "$(TEST_HOST)";
				CODE_SIGN_IDENTITY = "-";
				CODE_SIGN_STYLE = Automatic;
				CURRENT_PROJECT_VERSION = 1;
				GENERATE_INFOPLIST_FILE = YES;
				MARKETING_VERSION = 1.0;
				PRODUCT_BUNDLE_IDENTIFIER = com.wangsu.AndroidBuildClientTests;
				PRODUCT_NAME = "$(TARGET_NAME)";
				SWIFT_EMIT_LOC_STRINGS = NO;
				TEST_HOST = "$(BUILT_PRODUCTS_DIR)/AndroidBuildClient.app/Contents/MacOS/AndroidBuildClient";
			};
			name = Release;
		};
/* End XCBuildConfiguration section */

/* Begin XCConfigurationList section */
		AB000000000000000000007F /* Build configuration list for PBXProject "AndroidBuildClient" */ = {
			isa = XCConfigurationList;
			buildConfigurations = (
				AB000000000000000000007D /* Debug */,
				AB000000000000000000007E /* Release */,
			);
			defaultConfigurationIsVisible = 0;
			defaultConfigurationName = Release;
		};
		AB0000000000000000000082 /* Build configuration list for PBXNativeTarget "AndroidBuildClient" */ = {
			isa = XCConfigurationList;
			buildConfigurations = (
				AB0000000000000000000080 /* Debug */,
				AB0000000000000000000081 /* Release */,
			);
			defaultConfigurationIsVisible = 0;
			defaultConfigurationName = Release;
		};
		AB0000000000000000000085 /* Build configuration list for PBXNativeTarget "AndroidBuildClientTests" */ = {
			isa = XCConfigurationList;
			buildConfigurations = (
				AB0000000000000000000083 /* Debug */,
				AB0000000000000000000084 /* Release */,
			);
			defaultConfigurationIsVisible = 0;
			defaultConfigurationName = Release;
		};
/* End XCConfigurationList section */
	};
	rootObject = AB000000000000000000008E /* Project object */;
}
